
Microsoft Visual Studio Solution File, Format Version 12.00
# Visual Studio Version 17
VisualStudioVersion = 17.9.34622.214
MinimumVisualStudioVersion = 10.0.40219.1
Project("{FAE04EC0-301F-11D3-BF4B-00C04F79EFBC}") = "Assault Cube Trainer", "Assault Cube Trainer\Assault Cube Trainer.csproj", "{05F98600-F23A-4EDE-BD7E-BBC91703F533}"
EndProject
Global
	GlobalSection(SolutionConfigurationPlatforms) = preSolution
		Debug|Any CPU = Debug|Any CPU
		Release|Any CPU = Release|Any CPU
	EndGlobalSection
	GlobalSection(ProjectConfigurationPlatforms) = postSolution
		{05F98600-F23A-4EDE-BD7E-BBC91703F533}.Debug|Any CPU.ActiveCfg = Debug|Any CPU
		{05F98600-F23A-4EDE-BD7E-BBC91703F533}.Debug|Any CPU.Build.0 = Debug|Any CPU
		{05F98600-F23A-4EDE-BD7E-BBC91703F533}.Release|Any CPU.ActiveCfg = Release|Any CPU
		{05F98600-F23A-4EDE-BD7E-BBC91703F533}.Release|Any CPU.Build.0 = Release|Any CPU
	EndGlobalSection
	GlobalSection(SolutionProperties) = preSolution
		HideSolutionNode = FALSE
	EndGlobalSection
	GlobalSection(ExtensibilityGlobals) = postSolution
		SolutionGuid = {3EC26FBE-D82E-4A00-8A28-C1B40E84CD58}
	EndGlobalSection
EndGlobal
